{
  "version": 4,
  "terraform_version": "1.14.3",
  "serial": 16,
  "lineage": "4b5c46e3-9858-0c8c-1ee0-b8be7897faf4",
  "outputs": {
    "invoke_url": {
      "value": "https://yk906uwrl0.execute-api.ap-south-1.amazonaws.com/prod/secure",
      "type": "string"
    }
  },
  "resources": [
    {
      "mode": "data",
      "type": "archive_file",
      "name": "authorizer_zip",
      "provider": "provider[\"registry.terraform.io/hashicorp/archive\"]",
      "instances": [
        {
          "schema_version": 0,
          "attributes": {
            "exclude_symlink_directories": null,
            "excludes": null,
            "id": "2fbb583c244bf5f55f9f4bbc90f887f2ce1c43b7",
            "output_base64sha256": "soVWDLzRiI5ZsFHdY0bVu4FBl1q5ccfv9yEzSyXnLqg=",
            "output_base64sha512": "M1jsNjIKTkY0Afa4i7fWJ3LMtiz1JKw6oabqNCaakHP7RqfMYQDv1U8eG2wyjuOBrnqSNH2GvKiBzWwBb9mq5g==",
            "output_file_mode": null,
            "output_md5": "a4063ee7165536b517a9d85b392287fa",
            "output_path": "authorizer.zip",
            "output_sha": "2fbb583c244bf5f55f9f4bbc90f887f2ce1c43b7",
            "output_sha256": "b285560cbcd1888e59b051dd6346d5bb8141975ab971c7eff721334b25e72ea8",
            "output_sha512": "3358ec36320a4e463401f6b88bb7d62772ccb62cf524ac3aa1a6ea34269a9073fb46a7cc6100efd54f1e1b6c328ee381ae7a92347d86bca881cd6c016fd9aae6",
            "output_size": 400,
            "source": [],
            "source_content": null,
            "source_content_filename": null,
            "source_dir": null,
            "source_file": "lambda/authorizer.py",
            "type": "zip"
          },
          "sensitive_attributes": [],
          "identity_schema_version": 0
        }
      ]
    },
    {
      "mode": "data",
      "type": "archive_file",
      "name": "backend_zip",
      "provider": "provider[\"registry.terraform.io/hashicorp/archive\"]",
      "instances": [
        {
          "schema_version": 0,
          "attributes": {
            "exclude_symlink_directories": null,
            "excludes": null,
            "id": "2befc38a352f9392d6e6d93b4fab9218cec573ce",
            "output_base64sha256": "Qh8/kZm7qkSrzZ/mQwEELrp4o67bCJGgwzhkGl44A4k=",
            "output_base64sha512": "sa8oJFD+ShucSw8aJJWzsQth9I3Nagh/BqTFHhaWTOkVG0tVeUnkXjPgblnZFmeiPB8WW69zCkZ07bLd6aviiQ==",
            "output_file_mode": null,
            "output_md5": "c876fc78262d88e69bb153d5de46d910",
            "output_path": "backend.zip",
            "output_sha": "2befc38a352f9392d6e6d93b4fab9218cec573ce",
            "output_sha256": "421f3f9199bbaa44abcd9fe64301042eba78a3aedb0891a0c338641a5e380389",
            "output_sha512": "b1af282450fe4a1b9c4b0f1a2495b3b10b61f48dcd6a087f06a4c51e16964ce9151b4b557949e45e33e06e59d91667a23c1f165baf730a4674edb2dde9abe289",
            "output_size": 241,
            "source": [],
            "source_content": null,
            "source_content_filename": null,
            "source_dir": null,
            "source_file": "lambda/backend.py",
            "type": "zip"
          },
          "sensitive_attributes": [],
          "identity_schema_version": 0
        }
      ]
    },
    {
      "mode": "managed",
      "type": "aws_api_gateway_authorizer",
      "name": "auth",
      "provider": "provider[\"registry.terraform.io/hashicorp/aws\"]",
      "instances": [
        {
          "schema_version": 0,
          "attributes": {
            "arn": "arn:aws:apigateway:ap-south-1::/restapis/yk906uwrl0/authorizers/xy9vjm",
            "authorizer_credentials": "",
            "authorizer_result_ttl_in_seconds": 300,
            "authorizer_uri": "arn:aws:apigateway:ap-south-1:lambda:path/2015-03-31/functions/arn:aws:lambda:ap-south-1:768470326209:function:authorizer-fn/invocations",
            "id": "xy9vjm",
            "identity_source": "method.request.header.X-Auth-Token",
            "identity_validation_expression": "",
            "name": "lambda-authorizer",
            "provider_arns": null,
            "region": "ap-south-1",
            "rest_api_id": "yk906uwrl0",
            "type": "REQUEST"
          },
          "sensitive_attributes": [],
          "identity_schema_version": 0,
          "private": "bnVsbA==",
          "dependencies": [
            "aws_api_gateway_rest_api.api",
            "aws_iam_role.lambda_role",
            "aws_lambda_function.authorizer",
            "data.archive_file.authorizer_zip"
          ]
        }
      ]
    },
    {
      "mode": "managed",
      "type": "aws_api_gateway_deployment",
      "name": "deploy",
      "provider": "provider[\"registry.terraform.io/hashicorp/aws\"]",
      "instances": [
        {
          "schema_version": 0,
          "attributes": {
            "created_date": "2026-01-18T07:12:30Z",
            "description": "",
            "id": "ddbrb5",
            "region": "ap-south-1",
            "rest_api_id": "yk906uwrl0",
            "triggers": null,
            "variables": null
          },
          "sensitive_attributes": [],
          "identity_schema_version": 0,
          "private": "bnVsbA==",
          "dependencies": [
            "aws_api_gateway_authorizer.auth",
            "aws_api_gateway_integration.lambda",
            "aws_api_gateway_method.get",
            "aws_api_gateway_resource.secure",
            "aws_api_gateway_rest_api.api",
            "aws_iam_role.lambda_role",
            "aws_lambda_function.authorizer",
            "aws_lambda_function.backend",
            "data.archive_file.authorizer_zip",
            "data.archive_file.backend_zip"
          ]
        }
      ]
    },
    {
      "mode": "managed",
      "type": "aws_api_gateway_integration",
      "name": "lambda",
      "provider": "provider[\"registry.terraform.io/hashicorp/aws\"]",
      "instances": [
        {
          "schema_version": 0,
          "attributes": {
            "cache_key_parameters": null,
            "cache_namespace": "f3k297",
            "connection_id": "",
            "connection_type": "INTERNET",
            "content_handling": "",
            "credentials": "",
            "http_method": "GET",
            "id": "agi-yk906uwrl0-f3k297-GET",
            "integration_http_method": "POST",
            "integration_target": "",
            "passthrough_behavior": "WHEN_NO_MATCH",
            "region": "ap-south-1",
            "request_parameters": null,
            "request_templates": null,
            "resource_id": "f3k297",
            "response_transfer_mode": "BUFFERED",
            "rest_api_id": "yk906uwrl0",
            "timeout_milliseconds": 29000,
            "tls_config": [],
            "type": "AWS_PROXY",
            "uri": "arn:aws:apigateway:ap-south-1:lambda:path/2015-03-31/functions/arn:aws:lambda:ap-south-1:768470326209:function:backend-fn/invocations"
          },
          "sensitive_attributes": [],
          "identity_schema_version": 0,
          "private": "bnVsbA==",
          "dependencies": [
            "aws_api_gateway_authorizer.auth",
            "aws_api_gateway_method.get",
            "aws_api_gateway_resource.secure",
            "aws_api_gateway_rest_api.api",
            "aws_iam_role.lambda_role",
            "aws_lambda_function.authorizer",
            "aws_lambda_function.backend",
            "data.archive_file.authorizer_zip",
            "data.archive_file.backend_zip"
          ]
        }
      ]
    },
    {
      "mode": "managed",
      "type": "aws_api_gateway_method",
      "name": "get",
      "provider": "provider[\"registry.terraform.io/hashicorp/aws\"]",
      "instances": [
        {
          "schema_version": 0,
          "attributes": {
            "api_key_required": false,
            "authorization": "CUSTOM",
            "authorization_scopes": null,
            "authorizer_id": "xy9vjm",
            "http_method": "GET",
            "id": "agm-yk906uwrl0-f3k297-GET",
            "operation_name": null,
            "region": "ap-south-1",
            "request_models": null,
            "request_parameters": null,
            "request_validator_id": null,
            "resource_id": "f3k297",
            "rest_api_id": "yk906uwrl0"
          },
          "sensitive_attributes": [],
          "identity_schema_version": 0,
          "private": "bnVsbA==",
          "dependencies": [
            "aws_api_gateway_authorizer.auth",
            "aws_api_gateway_resource.secure",
            "aws_api_gateway_rest_api.api",
            "aws_iam_role.lambda_role",
            "aws_lambda_function.authorizer",
            "data.archive_file.authorizer_zip"
          ]
        }
      ]
    },
    {
      "mode": "managed",
      "type": "aws_api_gateway_resource",
      "name": "secure",
      "provider": "provider[\"registry.terraform.io/hashicorp/aws\"]",
      "instances": [
        {
          "schema_version": 0,
          "attributes": {
            "id": "f3k297",
            "parent_id": "dxra8blt5l",
            "path": "/secure",
            "path_part": "secure",
            "region": "ap-south-1",
            "rest_api_id": "yk906uwrl0"
          },
          "sensitive_attributes": [],
          "identity_schema_version": 0,
          "private": "bnVsbA==",
          "dependencies": [
            "aws_api_gateway_rest_api.api"
          ]
        }
      ]
    },
    {
      "mode": "managed",
      "type": "aws_api_gateway_rest_api",
      "name": "api",
      "provider": "provider[\"registry.terraform.io/hashicorp/aws\"]",
      "instances": [
        {
          "schema_version": 0,
          "attributes": {
            "api_key_source": "HEADER",
            "arn": "arn:aws:apigateway:ap-south-1::/restapis/yk906uwrl0",
            "binary_media_types": [],
            "body": null,
            "created_date": "2026-01-18T07:02:31Z",
            "description": "",
            "disable_execute_api_endpoint": false,
            "endpoint_configuration": [
              {
                "ip_address_type": "ipv4",
                "types": [
                  "EDGE"
                ],
                "vpc_endpoint_ids": []
              }
            ],
            "execution_arn": "arn:aws:execute-api:ap-south-1:768470326209:yk906uwrl0",
            "fail_on_warnings": null,
            "id": "yk906uwrl0",
            "minimum_compression_size": "",
            "name": "auth-practice-api",
            "parameters": null,
            "policy": "",
            "put_rest_api_mode": null,
            "region": "ap-south-1",
            "root_resource_id": "dxra8blt5l",
            "tags": {},
            "tags_all": {}
          },
          "sensitive_attributes": [],
          "identity_schema_version": 0,
          "private": "bnVsbA=="
        }
      ]
    },
    {
      "mode": "managed",
      "type": "aws_api_gateway_stage",
      "name": "prod",
      "provider": "provider[\"registry.terraform.io/hashicorp/aws\"]",
      "instances": [
        {
          "schema_version": 0,
          "attributes": {
            "access_log_settings": [],
            "arn": "arn:aws:apigateway:ap-south-1::/restapis/yk906uwrl0/stages/prod",
            "cache_cluster_enabled": false,
            "cache_cluster_size": "",
            "canary_settings": [],
            "client_certificate_id": "",
            "deployment_id": "ddbrb5",
            "description": "",
            "documentation_version": "",
            "execution_arn": "arn:aws:execute-api:ap-south-1:768470326209:yk906uwrl0/prod",
            "id": "ags-yk906uwrl0-prod",
            "invoke_url": "https://yk906uwrl0.execute-api.ap-south-1.amazonaws.com/prod",
            "region": "ap-south-1",
            "rest_api_id": "yk906uwrl0",
            "stage_name": "prod",
            "tags": null,
            "tags_all": {},
            "variables": null,
            "web_acl_arn": "",
            "xray_tracing_enabled": false
          },
          "sensitive_attributes": [],
          "identity_schema_version": 0,
          "private": "bnVsbA==",
          "dependencies": [
            "aws_api_gateway_authorizer.auth",
            "aws_api_gateway_deployment.deploy",
            "aws_api_gateway_integration.lambda",
            "aws_api_gateway_method.get",
            "aws_api_gateway_resource.secure",
            "aws_api_gateway_rest_api.api",
            "aws_iam_role.lambda_role",
            "aws_lambda_function.authorizer",
            "aws_lambda_function.backend",
            "data.archive_file.authorizer_zip",
            "data.archive_file.backend_zip"
          ]
        }
      ]
    },
    {
      "mode": "managed",
      "type": "aws_iam_role",
      "name": "lambda_role",
      "provider": "provider[\"registry.terraform.io/hashicorp/aws\"]",
      "instances": [
        {
          "schema_version": 0,
          "attributes": {
            "arn": "arn:aws:iam::768470326209:role/lambda-exec-role",
            "assume_role_policy": "{\"Statement\":[{\"Action\":\"sts:AssumeRole\",\"Effect\":\"Allow\",\"Principal\":{\"Service\":\"lambda.amazonaws.com\"}}],\"Version\":\"2012-10-17\"}",
            "create_date": "2026-01-17T13:37:15Z",
            "description": "",
            "force_detach_policies": false,
            "id": "lambda-exec-role",
            "inline_policy": [],
            "managed_policy_arns": [
              "arn:aws:iam::aws:policy/service-role/AWSLambdaBasicExecutionRole"
            ],
            "max_session_duration": 3600,
            "name": "lambda-exec-role",
            "name_prefix": "",
            "path": "/",
            "permissions_boundary": "",
            "tags": {},
            "tags_all": {},
            "unique_id": "AROA3F3DGTPAZTBVPJS7A"
          },
          "sensitive_attributes": [],
          "identity_schema_version": 0,
          "identity": {
            "account_id": "768470326209",
            "name": "lambda-exec-role"
          },
          "private": "eyJzY2hlbWFfdmVyc2lvbiI6IjAifQ=="
        }
      ]
    },
    {
      "mode": "managed",
      "type": "aws_iam_role_policy_attachment",
      "name": "basic",
      "provider": "provider[\"registry.terraform.io/hashicorp/aws\"]",
      "instances": [
        {
          "schema_version": 0,
          "attributes": {
            "id": "lambda-exec-role/arn:aws:iam::aws:policy/service-role/AWSLambdaBasicExecutionRole",
            "policy_arn": "arn:aws:iam::aws:policy/service-role/AWSLambdaBasicExecutionRole",
            "role": "lambda-exec-role"
          },
          "sensitive_attributes": [],
          "identity_schema_version": 0,
          "identity": {
            "account_id": "768470326209",
            "policy_arn": "arn:aws:iam::aws:policy/service-role/AWSLambdaBasicExecutionRole",
            "role": "lambda-exec-role"
          },
          "private": "eyJzY2hlbWFfdmVyc2lvbiI6IjAifQ==",
          "dependencies": [
            "aws_iam_role.lambda_role"
          ]
        }
      ]
    },
    {
      "mode": "managed",
      "type": "aws_lambda_function",
      "name": "authorizer",
      "provider": "provider[\"registry.terraform.io/hashicorp/aws\"]",
      "instances": [
        {
          "schema_version": 0,
          "attributes": {
            "architectures": [
              "x86_64"
            ],
            "arn": "arn:aws:lambda:ap-south-1:768470326209:function:authorizer-fn",
            "capacity_provider_config": [],
            "code_sha256": "soVWDLzRiI5ZsFHdY0bVu4FBl1q5ccfv9yEzSyXnLqg=",
            "code_signing_config_arn": "",
            "dead_letter_config": [],
            "description": "",
            "durable_config": [],
            "environment": [],
            "ephemeral_storage": [
              {
                "size": 512
              }
            ],
            "file_system_config": [],
            "filename": "authorizer.zip",
            "function_name": "authorizer-fn",
            "handler": "authorizer.lambda_handler",
            "id": "authorizer-fn",
            "image_config": [],
            "image_uri": "",
            "invoke_arn": "arn:aws:apigateway:ap-south-1:lambda:path/2015-03-31/functions/arn:aws:lambda:ap-south-1:768470326209:function:authorizer-fn/invocations",
            "kms_key_arn": "",
            "last_modified": "2026-01-18T07:12:19.429+0000",
            "layers": null,
            "logging_config": [
              {
                "application_log_level": "",
                "log_format": "Text",
                "log_group": "/aws/lambda/authorizer-fn",
                "system_log_level": ""
              }
            ],
            "memory_size": 128,
            "package_type": "Zip",
            "publish": false,
            "publish_to": null,
            "qualified_arn": "arn:aws:lambda:ap-south-1:768470326209:function:authorizer-fn:$LATEST",
            "qualified_invoke_arn": "arn:aws:apigateway:ap-south-1:lambda:path/2015-03-31/functions/arn:aws:lambda:ap-south-1:768470326209:function:authorizer-fn:$LATEST/invocations",
            "region": "ap-south-1",
            "replace_security_groups_on_destroy": null,
            "replacement_security_group_ids": null,
            "reserved_concurrent_executions": -1,
            "response_streaming_invoke_arn": "arn:aws:apigateway:ap-south-1:lambda:path/2021-11-15/functions/arn:aws:lambda:ap-south-1:768470326209:function:authorizer-fn/response-streaming-invocations",
            "role": "arn:aws:iam::768470326209:role/lambda-exec-role",
            "runtime": "python3.10",
            "s3_bucket": null,
            "s3_key": null,
            "s3_object_version": null,
            "signing_job_arn": "",
            "signing_profile_version_arn": "",
            "skip_destroy": false,
            "snap_start": [],
            "source_code_hash": "soVWDLzRiI5ZsFHdY0bVu4FBl1q5ccfv9yEzSyXnLqg=",
            "source_code_size": 400,
            "source_kms_key_arn": "",
            "tags": null,
            "tags_all": {},
            "tenancy_config": [],
            "timeout": 3,
            "timeouts": null,
            "tracing_config": [
              {
                "mode": "PassThrough"
              }
            ],
            "version": "$LATEST",
            "vpc_config": []
          },
          "sensitive_attributes": [],
          "identity_schema_version": 0,
          "identity": {
            "account_id": "768470326209",
            "function_name": "authorizer-fn",
            "region": "ap-south-1"
          },
          "private": "eyJlMmJmYjczMC1lY2FhLTExZTYtOGY4OC0zNDM2M2JjN2M0YzAiOnsiY3JlYXRlIjo2MDAwMDAwMDAwMDAsImRlbGV0ZSI6NjAwMDAwMDAwMDAwLCJ1cGRhdGUiOjYwMDAwMDAwMDAwMH19",
          "dependencies": [
            "aws_iam_role.lambda_role",
            "data.archive_file.authorizer_zip"
          ]
        }
      ]
    },
    {
      "mode": "managed",
      "type": "aws_lambda_function",
      "name": "backend",
      "provider": "provider[\"registry.terraform.io/hashicorp/aws\"]",
      "instances": [
        {
          "schema_version": 0,
          "attributes": {
            "architectures": [
              "x86_64"
            ],
            "arn": "arn:aws:lambda:ap-south-1:768470326209:function:backend-fn",
            "capacity_provider_config": [],
            "code_sha256": "Qh8/kZm7qkSrzZ/mQwEELrp4o67bCJGgwzhkGl44A4k=",
            "code_signing_config_arn": "",
            "dead_letter_config": [],
            "description": "",
            "durable_config": [],
            "environment": [],
            "ephemeral_storage": [
              {
                "size": 512
              }
            ],
            "file_system_config": [],
            "filename": "backend.zip",
            "function_name": "backend-fn",
            "handler": "backend.lambda_handler",
            "id": "backend-fn",
            "image_config": [],
            "image_uri": "",
            "invoke_arn": "arn:aws:apigateway:ap-south-1:lambda:path/2015-03-31/functions/arn:aws:lambda:ap-south-1:768470326209:function:backend-fn/invocations",
            "kms_key_arn": "",
            "last_modified": "2026-01-18T07:12:24.975+0000",
            "layers": null,
            "logging_config": [
              {
                "application_log_level": "",
                "log_format": "Text",
                "log_group": "/aws/lambda/backend-fn",
                "system_log_level": ""
              }
            ],
            "memory_size": 128,
            "package_type": "Zip",
            "publish": false,
            "publish_to": null,
            "qualified_arn": "arn:aws:lambda:ap-south-1:768470326209:function:backend-fn:$LATEST",
            "qualified_invoke_arn": "arn:aws:apigateway:ap-south-1:lambda:path/2015-03-31/functions/arn:aws:lambda:ap-south-1:768470326209:function:backend-fn:$LATEST/invocations",
            "region": "ap-south-1",
            "replace_security_groups_on_destroy": null,
            "replacement_security_group_ids": null,
            "reserved_concurrent_executions": -1,
            "response_streaming_invoke_arn": "arn:aws:apigateway:ap-south-1:lambda:path/2021-11-15/functions/arn:aws:lambda:ap-south-1:768470326209:function:backend-fn/response-streaming-invocations",
            "role": "arn:aws:iam::768470326209:role/lambda-exec-role",
            "runtime": "python3.10",
            "s3_bucket": null,
            "s3_key": null,
            "s3_object_version": null,
            "signing_job_arn": "",
            "signing_profile_version_arn": "",
            "skip_destroy": false,
            "snap_start": [],
            "source_code_hash": "Qh8/kZm7qkSrzZ/mQwEELrp4o67bCJGgwzhkGl44A4k=",
            "source_code_size": 241,
            "source_kms_key_arn": "",
            "tags": null,
            "tags_all": {},
            "tenancy_config": [],
            "timeout": 3,
            "timeouts": null,
            "tracing_config": [
              {
                "mode": "PassThrough"
              }
            ],
            "version": "$LATEST",
            "vpc_config": []
          },
          "sensitive_attributes": [],
          "identity_schema_version": 0,
          "identity": {
            "account_id": "768470326209",
            "function_name": "backend-fn",
            "region": "ap-south-1"
          },
          "private": "eyJlMmJmYjczMC1lY2FhLTExZTYtOGY4OC0zNDM2M2JjN2M0YzAiOnsiY3JlYXRlIjo2MDAwMDAwMDAwMDAsImRlbGV0ZSI6NjAwMDAwMDAwMDAwLCJ1cGRhdGUiOjYwMDAwMDAwMDAwMH19",
          "dependencies": [
            "aws_iam_role.lambda_role",
            "data.archive_file.backend_zip"
          ]
        }
      ]
    },
    {
      "mode": "managed",
      "type": "aws_lambda_permission",
      "name": "authorizer",
      "provider": "provider[\"registry.terraform.io/hashicorp/aws\"]",
      "instances": [
        {
          "schema_version": 0,
          "attributes": {
            "action": "lambda:InvokeFunction",
            "event_source_token": null,
            "function_name": "authorizer-fn",
            "function_url_auth_type": null,
            "id": "AllowInvokeAuthorizer",
            "invoked_via_function_url": null,
            "principal": "apigateway.amazonaws.com",
            "principal_org_id": null,
            "qualifier": "",
            "region": "ap-south-1",
            "source_account": null,
            "source_arn": null,
            "statement_id": "AllowInvokeAuthorizer",
            "statement_id_prefix": ""
          },
          "sensitive_attributes": [],
          "identity_schema_version": 0,
          "identity": {
            "account_id": "768470326209",
            "function_name": "authorizer-fn",
            "qualifier": null,
            "region": "ap-south-1",
            "statement_id": "AllowInvokeAuthorizer"
          },
          "private": "bnVsbA==",
          "dependencies": [
            "aws_iam_role.lambda_role",
            "aws_lambda_function.authorizer",
            "data.archive_file.authorizer_zip"
          ]
        }
      ]
    },
    {
      "mode": "managed",
      "type": "aws_lambda_permission",
      "name": "backend",
      "provider": "provider[\"registry.terraform.io/hashicorp/aws\"]",
      "instances": [
        {
          "schema_version": 0,
          "attributes": {
            "action": "lambda:InvokeFunction",
            "event_source_token": null,
            "function_name": "backend-fn",
            "function_url_auth_type": null,
            "id": "AllowInvokeBackend",
            "invoked_via_function_url": null,
            "principal": "apigateway.amazonaws.com",
            "principal_org_id": null,
            "qualifier": "",
            "region": "ap-south-1",
            "source_account": null,
            "source_arn": null,
            "statement_id": "AllowInvokeBackend",
            "statement_id_prefix": ""
          },
          "sensitive_attributes": [],
          "identity_schema_version": 0,
          "identity": {
            "account_id": "768470326209",
            "function_name": "backend-fn",
            "qualifier": null,
            "region": "ap-south-1",
            "statement_id": "AllowInvokeBackend"
          },
          "private": "bnVsbA==",
          "dependencies": [
            "aws_iam_role.lambda_role",
            "aws_lambda_function.backend",
            "data.archive_file.backend_zip"
          ]
        }
      ]
    }
  ],
  "check_results": null
}
